{
    "version": 3,
    "terraform_version": "0.11.7",
    "serial": 20,
    "lineage": "3a557dfb-68c6-c297-83da-6a05d93e4c99",
    "modules": [
        {
            "path": [
                "root"
            ],
            "outputs": {
                "base_url": {
                    "sensitive": false,
                    "type": "string",
                    "value": "https://c7ufvn77wd.execute-api.us-east-1.amazonaws.com/dev"
                }
            },
            "resources": {
                "aws_api_gateway_deployment.example": {
                    "type": "aws_api_gateway_deployment",
                    "depends_on": [
                        "aws_api_gateway_integration.lambda",
                        "aws_api_gateway_integration.lambda_root",
                        "aws_api_gateway_rest_api.example"
                    ],
                    "primary": {
                        "id": "ct1415",
                        "attributes": {
                            "created_date": "2018-07-31T01:13:53Z",
                            "description": "",
                            "execution_arn": "arn:aws:execute-api:us-east-1:338201547009:c7ufvn77wd/dev",
                            "id": "ct1415",
                            "invoke_url": "https://c7ufvn77wd.execute-api.us-east-1.amazonaws.com/dev",
                            "rest_api_id": "c7ufvn77wd",
                            "stage_name": "dev"
                        },
                        "meta": {},
                        "tainted": false
                    },
                    "deposed": [],
                    "provider": "provider.aws"
                },
                "aws_api_gateway_integration.lambda": {
                    "type": "aws_api_gateway_integration",
                    "depends_on": [
                        "aws_api_gateway_method.proxy",
                        "aws_api_gateway_rest_api.example",
                        "aws_lambda_function.example"
                    ],
                    "primary": {
                        "id": "agi-c7ufvn77wd-8s4u6k-ANY",
                        "attributes": {
                            "cache_key_parameters.#": "0",
                            "cache_namespace": "8s4u6k",
                            "connection_id": "",
                            "connection_type": "INTERNET",
                            "http_method": "ANY",
                            "id": "agi-c7ufvn77wd-8s4u6k-ANY",
                            "integration_http_method": "POST",
                            "passthrough_behavior": "WHEN_NO_MATCH",
                            "request_parameters.%": "0",
                            "request_templates.%": "0",
                            "resource_id": "8s4u6k",
                            "rest_api_id": "c7ufvn77wd",
                            "timeout_milliseconds": "29000",
                            "type": "AWS_PROXY",
                            "uri": "arn:aws:apigateway:us-east-1:lambda:path/2015-03-31/functions/arn:aws:lambda:us-east-1:338201547009:function:ServerlessExample/invocations"
                        },
                        "meta": {},
                        "tainted": false
                    },
                    "deposed": [],
                    "provider": "provider.aws"
                },
                "aws_api_gateway_integration.lambda_root": {
                    "type": "aws_api_gateway_integration",
                    "depends_on": [
                        "aws_api_gateway_method.proxy_root",
                        "aws_api_gateway_rest_api.example",
                        "aws_lambda_function.example"
                    ],
                    "primary": {
                        "id": "agi-c7ufvn77wd-gycfwvebu8-ANY",
                        "attributes": {
                            "cache_key_parameters.#": "0",
                            "cache_namespace": "gycfwvebu8",
                            "connection_id": "",
                            "connection_type": "INTERNET",
                            "http_method": "ANY",
                            "id": "agi-c7ufvn77wd-gycfwvebu8-ANY",
                            "integration_http_method": "POST",
                            "passthrough_behavior": "WHEN_NO_MATCH",
                            "request_parameters.%": "0",
                            "request_templates.%": "0",
                            "resource_id": "gycfwvebu8",
                            "rest_api_id": "c7ufvn77wd",
                            "timeout_milliseconds": "29000",
                            "type": "AWS_PROXY",
                            "uri": "arn:aws:apigateway:us-east-1:lambda:path/2015-03-31/functions/arn:aws:lambda:us-east-1:338201547009:function:ServerlessExample/invocations"
                        },
                        "meta": {},
                        "tainted": false
                    },
                    "deposed": [],
                    "provider": "provider.aws"
                },
                "aws_api_gateway_method.proxy": {
                    "type": "aws_api_gateway_method",
                    "depends_on": [
                        "aws_api_gateway_resource.proxy",
                        "aws_api_gateway_rest_api.example"
                    ],
                    "primary": {
                        "id": "agm-c7ufvn77wd-8s4u6k-ANY",
                        "attributes": {
                            "api_key_required": "false",
                            "authorization": "NONE",
                            "http_method": "ANY",
                            "id": "agm-c7ufvn77wd-8s4u6k-ANY",
                            "resource_id": "8s4u6k",
                            "rest_api_id": "c7ufvn77wd"
                        },
                        "meta": {},
                        "tainted": false
                    },
                    "deposed": [],
                    "provider": "provider.aws"
                },
                "aws_api_gateway_method.proxy_root": {
                    "type": "aws_api_gateway_method",
                    "depends_on": [
                        "aws_api_gateway_rest_api.example"
                    ],
                    "primary": {
                        "id": "agm-c7ufvn77wd-gycfwvebu8-ANY",
                        "attributes": {
                            "api_key_required": "false",
                            "authorization": "NONE",
                            "http_method": "ANY",
                            "id": "agm-c7ufvn77wd-gycfwvebu8-ANY",
                            "resource_id": "gycfwvebu8",
                            "rest_api_id": "c7ufvn77wd"
                        },
                        "meta": {},
                        "tainted": false
                    },
                    "deposed": [],
                    "provider": "provider.aws"
                },
                "aws_api_gateway_resource.proxy": {
                    "type": "aws_api_gateway_resource",
                    "depends_on": [
                        "aws_api_gateway_rest_api.example"
                    ],
                    "primary": {
                        "id": "8s4u6k",
                        "attributes": {
                            "id": "8s4u6k",
                            "parent_id": "gycfwvebu8",
                            "path": "/{proxy+}",
                            "path_part": "{proxy+}",
                            "rest_api_id": "c7ufvn77wd"
                        },
                        "meta": {},
                        "tainted": false
                    },
                    "deposed": [],
                    "provider": "provider.aws"
                },
                "aws_api_gateway_rest_api.example": {
                    "type": "aws_api_gateway_rest_api",
                    "depends_on": [],
                    "primary": {
                        "id": "c7ufvn77wd",
                        "attributes": {
                            "api_key_source": "HEADER",
                            "binary_media_types.#": "0",
                            "created_date": "2018-07-31T01:13:19Z",
                            "description": "Terraform Serverless Application Example",
                            "endpoint_configuration.#": "1",
                            "endpoint_configuration.0.types.#": "1",
                            "endpoint_configuration.0.types.0": "EDGE",
                            "execution_arn": "arn:aws:execute-api:us-east-1:338201547009:c7ufvn77wd",
                            "id": "c7ufvn77wd",
                            "minimum_compression_size": "-1",
                            "name": "ServerlessExample",
                            "policy": "",
                            "root_resource_id": "gycfwvebu8"
                        },
                        "meta": {},
                        "tainted": false
                    },
                    "deposed": [],
                    "provider": "provider.aws"
                },
                "aws_iam_role.lambda_exec": {
                    "type": "aws_iam_role",
                    "depends_on": [],
                    "primary": {
                        "id": "serverless_example_lambda",
                        "attributes": {
                            "arn": "arn:aws:iam::338201547009:role/serverless_example_lambda",
                            "assume_role_policy": "{\"Version\":\"2012-10-17\",\"Statement\":[{\"Sid\":\"\",\"Effect\":\"Allow\",\"Principal\":{\"Service\":\"lambda.amazonaws.com\"},\"Action\":\"sts:AssumeRole\"}]}",
                            "create_date": "2018-07-31T01:13:19Z",
                            "force_detach_policies": "false",
                            "id": "serverless_example_lambda",
                            "max_session_duration": "3600",
                            "name": "serverless_example_lambda",
                            "path": "/",
                            "unique_id": "AROAJ4FSM5ECDW7LTXDQC"
                        },
                        "meta": {},
                        "tainted": false
                    },
                    "deposed": [],
                    "provider": "provider.aws"
                },
                "aws_lambda_function.example": {
                    "type": "aws_lambda_function",
                    "depends_on": [
                        "aws_iam_role.lambda_exec",
                        "aws_s3_bucket.bucket1",
                        "aws_s3_bucket_object.object"
                    ],
                    "primary": {
                        "id": "ServerlessExample",
                        "attributes": {
                            "arn": "arn:aws:lambda:us-east-1:338201547009:function:ServerlessExample",
                            "dead_letter_config.#": "0",
                            "description": "",
                            "environment.#": "0",
                            "function_name": "ServerlessExample",
                            "handler": "lambda.handler",
                            "id": "ServerlessExample",
                            "invoke_arn": "arn:aws:apigateway:us-east-1:lambda:path/2015-03-31/functions/arn:aws:lambda:us-east-1:338201547009:function:ServerlessExample/invocations",
                            "kms_key_arn": "",
                            "last_modified": "2018-07-31T01:13:45.352+0000",
                            "memory_size": "128",
                            "publish": "false",
                            "qualified_arn": "arn:aws:lambda:us-east-1:338201547009:function:ServerlessExample:$LATEST",
                            "reserved_concurrent_executions": "0",
                            "role": "arn:aws:iam::338201547009:role/serverless_example_lambda",
                            "runtime": "nodejs6.10",
                            "s3_bucket": "terraform-serverless-example2",
                            "s3_key": "v1.0.1/",
                            "source_code_hash": "ZZDFStzKzJfQ2x9zZ1XccYH5qwpR1ODlSslscPP4/Tw=",
                            "source_code_size": "3746067",
                            "tags.%": "0",
                            "timeout": "3",
                            "tracing_config.#": "1",
                            "tracing_config.0.mode": "PassThrough",
                            "version": "$LATEST",
                            "vpc_config.#": "0"
                        },
                        "meta": {},
                        "tainted": false
                    },
                    "deposed": [],
                    "provider": "provider.aws"
                },
                "aws_lambda_permission.apigw": {
                    "type": "aws_lambda_permission",
                    "depends_on": [
                        "aws_api_gateway_deployment.example",
                        "aws_lambda_function.example"
                    ],
                    "primary": {
                        "id": "AllowAPIGatewayInvoke",
                        "attributes": {
                            "action": "lambda:InvokeFunction",
                            "function_name": "arn:aws:lambda:us-east-1:338201547009:function:ServerlessExample",
                            "id": "AllowAPIGatewayInvoke",
                            "principal": "apigateway.amazonaws.com",
                            "qualifier": "",
                            "source_arn": "arn:aws:execute-api:us-east-1:338201547009:c7ufvn77wd/dev/*/*",
                            "statement_id": "AllowAPIGatewayInvoke"
                        },
                        "meta": {},
                        "tainted": false
                    },
                    "deposed": [],
                    "provider": "provider.aws"
                },
                "aws_s3_bucket.bucket1": {
                    "type": "aws_s3_bucket",
                    "depends_on": [],
                    "primary": {
                        "id": "terraform-serverless-example2",
                        "attributes": {
                            "acceleration_status": "",
                            "acl": "private",
                            "arn": "arn:aws:s3:::terraform-serverless-example2",
                            "bucket": "terraform-serverless-example2",
                            "bucket_domain_name": "terraform-serverless-example2.s3.amazonaws.com",
                            "bucket_regional_domain_name": "terraform-serverless-example2.s3.amazonaws.com",
                            "cors_rule.#": "0",
                            "force_destroy": "false",
                            "hosted_zone_id": "Z3AQBSTGFYJSTF",
                            "id": "terraform-serverless-example2",
                            "logging.#": "0",
                            "region": "us-east-1",
                            "replication_configuration.#": "0",
                            "request_payer": "BucketOwner",
                            "server_side_encryption_configuration.#": "0",
                            "tags.%": "2",
                            "tags.Environment": "Dev",
                            "tags.Name": "My bucket",
                            "versioning.#": "1",
                            "versioning.0.enabled": "false",
                            "versioning.0.mfa_delete": "false",
                            "website.#": "0"
                        },
                        "meta": {},
                        "tainted": false
                    },
                    "deposed": [],
                    "provider": "provider.aws"
                },
                "aws_s3_bucket_object.object": {
                    "type": "aws_s3_bucket_object",
                    "depends_on": [
                        "aws_s3_bucket.bucket1"
                    ],
                    "primary": {
                        "id": "v1.0.1/",
                        "attributes": {
                            "acl": "private",
                            "bucket": "terraform-serverless-example2",
                            "cache_control": "",
                            "content_disposition": "",
                            "content_encoding": "",
                            "content_language": "",
                            "content_type": "binary/octet-stream",
                            "etag": "25bca53cec67b6b07977c57dc91e2770",
                            "id": "v1.0.1/",
                            "key": "v1.0.1/",
                            "server_side_encryption": "",
                            "source": "deployment.zip",
                            "storage_class": "STANDARD",
                            "tags.%": "0",
                            "version_id": "",
                            "website_redirect": ""
                        },
                        "meta": {},
                        "tainted": false
                    },
                    "deposed": [],
                    "provider": "provider.aws"
                }
            },
            "depends_on": []
        }
    ]
}
